
Microsoft Visual Studio Solution File, Format Version 12.00
# Visual Studio Version 17
VisualStudioVersion = 17.0.31903.59
MinimumVisualStudioVersion = 10.0.40219.1
Project("{FAE04EC0-301F-11D3-BF4B-00C04F79EFBC}") = "LEC2.Core", "LEC2.Core\LEC2.Core.csproj", "{FA87E95F-9718-4208-B736-ED80C0C92C94}"
EndProject
Project("{FAE04EC0-301F-11D3-BF4B-00C04F79EFBC}") = "LEC2.Tests", "LEC2.Tests\LEC2.Tests.csproj", "{06D1333D-0690-4C35-BC68-26F484DA2BB6}"
EndProject
Global
	GlobalSection(SolutionConfigurationPlatforms) = preSolution
		Debug|Any CPU = Debug|Any CPU
		Debug|x64 = Debug|x64
		Debug|x86 = Debug|x86
		Release|Any CPU = Release|Any CPU
		Release|x64 = Release|x64
		Release|x86 = Release|x86
	EndGlobalSection
	GlobalSection(ProjectConfigurationPlatforms) = postSolution
		{FA87E95F-9718-4208-B736-ED80C0C92C94}.Debug|Any CPU.ActiveCfg = Debug|Any CPU
		{FA87E95F-9718-4208-B736-ED80C0C92C94}.Debug|Any CPU.Build.0 = Debug|Any CPU
		{FA87E95F-9718-4208-B736-ED80C0C92C94}.Debug|x64.ActiveCfg = Debug|Any CPU
		{FA87E95F-9718-4208-B736-ED80C0C92C94}.Debug|x64.Build.0 = Debug|Any CPU
		{FA87E95F-9718-4208-B736-ED80C0C92C94}.Debug|x86.ActiveCfg = Debug|Any CPU
		{FA87E95F-9718-4208-B736-ED80C0C92C94}.Debug|x86.Build.0 = Debug|Any CPU
		{FA87E95F-9718-4208-B736-ED80C0C92C94}.Release|Any CPU.ActiveCfg = Release|Any CPU
		{FA87E95F-9718-4208-B736-ED80C0C92C94}.Release|Any CPU.Build.0 = Release|Any CPU
		{FA87E95F-9718-4208-B736-ED80C0C92C94}.Release|x64.ActiveCfg = Release|Any CPU
		{FA87E95F-9718-4208-B736-ED80C0C92C94}.Release|x64.Build.0 = Release|Any CPU
		{FA87E95F-9718-4208-B736-ED80C0C92C94}.Release|x86.ActiveCfg = Release|Any CPU
		{FA87E95F-9718-4208-B736-ED80C0C92C94}.Release|x86.Build.0 = Release|Any CPU
		{06D1333D-0690-4C35-BC68-26F484DA2BB6}.Debug|Any CPU.ActiveCfg = Debug|Any CPU
		{06D1333D-0690-4C35-BC68-26F484DA2BB6}.Debug|Any CPU.Build.0 = Debug|Any CPU
		{06D1333D-0690-4C35-BC68-26F484DA2BB6}.Debug|x64.ActiveCfg = Debug|Any CPU
		{06D1333D-0690-4C35-BC68-26F484DA2BB6}.Debug|x64.Build.0 = Debug|Any CPU
		{06D1333D-0690-4C35-BC68-26F484DA2BB6}.Debug|x86.ActiveCfg = Debug|Any CPU
		{06D1333D-0690-4C35-BC68-26F484DA2BB6}.Debug|x86.Build.0 = Debug|Any CPU
		{06D1333D-0690-4C35-BC68-26F484DA2BB6}.Release|Any CPU.ActiveCfg = Release|Any CPU
		{06D1333D-0690-4C35-BC68-26F484DA2BB6}.Release|Any CPU.Build.0 = Release|Any CPU
		{06D1333D-0690-4C35-BC68-26F484DA2BB6}.Release|x64.ActiveCfg = Release|Any CPU
		{06D1333D-0690-4C35-BC68-26F484DA2BB6}.Release|x64.Build.0 = Release|Any CPU
		{06D1333D-0690-4C35-BC68-26F484DA2BB6}.Release|x86.ActiveCfg = Release|Any CPU
		{06D1333D-0690-4C35-BC68-26F484DA2BB6}.Release|x86.Build.0 = Release|Any CPU
	EndGlobalSection
	GlobalSection(SolutionProperties) = preSolution
		HideSolutionNode = FALSE
	EndGlobalSection
EndGlobal
